
Microsoft Visual Studio Solution File, Format Version 11.00
# Visual Studio 2010
Project("{FAE04EC0-301F-11D3-BF4B-00C04F79EFBC}") = "Ellemy.CQRS", "Source\Ellemy.CQRS\Ellemy.CQRS.csproj", "{D000DC1E-9BDC-4EC8-A1A1-D596B41DD6B9}"
EndProject
Project("{2150E333-8FDC-42A3-9474-1A3956D46DE8}") = "Extensions", "Extensions", "{61555DCB-BB59-47E8-8946-F8D23D279D1A}"
EndProject
Project("{FAE04EC0-301F-11D3-BF4B-00C04F79EFBC}") = "Ellemy.CQRS.Implementations.StructureMap", "Extensions\Ellemy.CQRS.Implementations.StructureMap\Ellemy.CQRS.Implementations.StructureMap.csproj", "{B8E27524-C377-4EBF-9A3D-3BEC6F6BA573}"
EndProject
Project("{2150E333-8FDC-42A3-9474-1A3956D46DE8}") = "Example", "Example", "{CA2AE308-453D-4487-9346-E6739139FD91}"
EndProject
Project("{FAE04EC0-301F-11D3-BF4B-00C04F79EFBC}") = "Ellemy.CQRS.Example", "Example\Ellemy.CQRS.Example.Domain\Ellemy.CQRS.Example.csproj", "{77B35B1C-85E4-419E-A36B-C5652F830A9B}"
EndProject
Project("{FAE04EC0-301F-11D3-BF4B-00C04F79EFBC}") = "Ellemy.CQRS.Example.Web", "Ellemy.CQRS.Example.Web\Ellemy.CQRS.Example.Web.csproj", "{CC274881-9EBA-497D-B5CC-78C7548F472E}"
EndProject
Project("{2150E333-8FDC-42A3-9474-1A3956D46DE8}") = "Tests", "Tests", "{17006CBA-52B5-4385-AAE3-BE8A33FB1127}"
EndProject
Project("{FAE04EC0-301F-11D3-BF4B-00C04F79EFBC}") = "Ellemy.CQRS.UnitTests", "Tests\Ellemy.CQRS.UnitTests\Ellemy.CQRS.UnitTests.csproj", "{DEA70EF7-10CE-4163-8EFB-E41E0F33080D}"
EndProject
Project("{FAE04EC0-301F-11D3-BF4B-00C04F79EFBC}") = "Ellemy.Mvc", "Source\Ellemy.Mvc\Ellemy.Mvc.csproj", "{639748A0-F957-4A32-BA84-17606FDCC58A}"
EndProject
Global
	GlobalSection(SolutionConfigurationPlatforms) = preSolution
		Debug|Any CPU = Debug|Any CPU
		Release|Any CPU = Release|Any CPU
	EndGlobalSection
	GlobalSection(ProjectConfigurationPlatforms) = postSolution
		{D000DC1E-9BDC-4EC8-A1A1-D596B41DD6B9}.Debug|Any CPU.ActiveCfg = Debug|Any CPU
		{D000DC1E-9BDC-4EC8-A1A1-D596B41DD6B9}.Debug|Any CPU.Build.0 = Debug|Any CPU
		{D000DC1E-9BDC-4EC8-A1A1-D596B41DD6B9}.Release|Any CPU.ActiveCfg = Release|Any CPU
		{D000DC1E-9BDC-4EC8-A1A1-D596B41DD6B9}.Release|Any CPU.Build.0 = Release|Any CPU
		{B8E27524-C377-4EBF-9A3D-3BEC6F6BA573}.Debug|Any CPU.ActiveCfg = Debug|Any CPU
		{B8E27524-C377-4EBF-9A3D-3BEC6F6BA573}.Debug|Any CPU.Build.0 = Debug|Any CPU
		{B8E27524-C377-4EBF-9A3D-3BEC6F6BA573}.Release|Any CPU.ActiveCfg = Release|Any CPU
		{B8E27524-C377-4EBF-9A3D-3BEC6F6BA573}.Release|Any CPU.Build.0 = Release|Any CPU
		{77B35B1C-85E4-419E-A36B-C5652F830A9B}.Debug|Any CPU.ActiveCfg = Debug|Any CPU
		{77B35B1C-85E4-419E-A36B-C5652F830A9B}.Debug|Any CPU.Build.0 = Debug|Any CPU
		{77B35B1C-85E4-419E-A36B-C5652F830A9B}.Release|Any CPU.ActiveCfg = Release|Any CPU
		{77B35B1C-85E4-419E-A36B-C5652F830A9B}.Release|Any CPU.Build.0 = Release|Any CPU
		{CC274881-9EBA-497D-B5CC-78C7548F472E}.Debug|Any CPU.ActiveCfg = Debug|Any CPU
		{CC274881-9EBA-497D-B5CC-78C7548F472E}.Debug|Any CPU.Build.0 = Debug|Any CPU
		{CC274881-9EBA-497D-B5CC-78C7548F472E}.Release|Any CPU.ActiveCfg = Release|Any CPU
		{CC274881-9EBA-497D-B5CC-78C7548F472E}.Release|Any CPU.Build.0 = Release|Any CPU
		{DEA70EF7-10CE-4163-8EFB-E41E0F33080D}.Debug|Any CPU.ActiveCfg = Debug|Any CPU
		{DEA70EF7-10CE-4163-8EFB-E41E0F33080D}.Debug|Any CPU.Build.0 = Debug|Any CPU
		{DEA70EF7-10CE-4163-8EFB-E41E0F33080D}.Release|Any CPU.ActiveCfg = Release|Any CPU
		{DEA70EF7-10CE-4163-8EFB-E41E0F33080D}.Release|Any CPU.Build.0 = Release|Any CPU
		{639748A0-F957-4A32-BA84-17606FDCC58A}.Debug|Any CPU.ActiveCfg = Debug|Any CPU
		{639748A0-F957-4A32-BA84-17606FDCC58A}.Debug|Any CPU.Build.0 = Debug|Any CPU
		{639748A0-F957-4A32-BA84-17606FDCC58A}.Release|Any CPU.ActiveCfg = Release|Any CPU
		{639748A0-F957-4A32-BA84-17606FDCC58A}.Release|Any CPU.Build.0 = Release|Any CPU
	EndGlobalSection
	GlobalSection(SolutionProperties) = preSolution
		HideSolutionNode = FALSE
	EndGlobalSection
	GlobalSection(NestedProjects) = preSolution
		{B8E27524-C377-4EBF-9A3D-3BEC6F6BA573} = {61555DCB-BB59-47E8-8946-F8D23D279D1A}
		{77B35B1C-85E4-419E-A36B-C5652F830A9B} = {CA2AE308-453D-4487-9346-E6739139FD91}
		{CC274881-9EBA-497D-B5CC-78C7548F472E} = {CA2AE308-453D-4487-9346-E6739139FD91}
		{DEA70EF7-10CE-4163-8EFB-E41E0F33080D} = {17006CBA-52B5-4385-AAE3-BE8A33FB1127}
	EndGlobalSection
EndGlobal
